Microsoft Visual Studio Solution File, Format Version 12.00
# Visual Studio Version 17
VisualStudioVersion = 17.0.31903.59
MinimumVisualStudioVersion = 10.0.40219.1
Project("{9A19103F-16F7-4668-BE54-9A1E7A4F7556}") = "SystemMonitor.Core", "src\SystemMonitor.Core\SystemMonitor.Core.csproj", "{B8C1A1E0-3F4A-4B5C-8D9E-1F2A3B4C5D6E}"
EndProject
Project("{9A19103F-16F7-4668-BE54-9A1E7A4F7556}") = "SystemMonitor.Infrastructure", "src\SystemMonitor.Infrastructure\SystemMonitor.Infrastructure.csproj", "{C9D2B2F1-4F5A-4C6D-9E1F-2F3A4B5C6D7E}"
EndProject
Project("{9A19103F-16F7-4668-BE54-9A1E7A4F7556}") = "SystemMonitor.Plugins", "src\SystemMonitor.Plugins\SystemMonitor.Plugins.csproj", "{C07706B6-01AC-4FD8-8AEB-D32993386223}"
EndProject
Project("{9A19103F-16F7-4668-BE54-9A1E7A4F7556}") = "SystemMonitor.Application", "src\SystemMonitor.Application\SystemMonitor.Application.csproj", "{88508C55-4CB0-4B4B-AED4-E634FB8C83C7}"
EndProject
Project("{9A19103F-16F7-4668-BE54-9A1E7A4F7556}") = "SystemMonitor.Console", "src\SystemMonitor.Console\SystemMonitor.Console.csproj", "{B1788FEA-83E3-42E4-88D1-808A29C14355}"
EndProject
Global
	GlobalSection(SolutionConfigurationPlatforms) = preSolution
		Debug|Any CPU = Debug|Any CPU
		Release|Any CPU = Release|Any CPU
	EndGlobalSection
	GlobalSection(ProjectConfigurationPlatforms) = postSolution
		{B8C1A1E0-3F4A-4B5C-8D9E-1F2A3B4C5D6E}.Debug|Any CPU.ActiveCfg = Debug|Any CPU
		{B8C1A1E0-3F4A-4B5C-8D9E-1F2A3B4C5D6E}.Debug|Any CPU.Build.0 = Debug|Any CPU
		{B8C1A1E0-3F4A-4B5C-8D9E-1F2A3B4C5D6E}.Release|Any CPU.ActiveCfg = Release|Any CPU
		{B8C1A1E0-3F4A-4B5C-8D9E-1F2A3B4C5D6E}.Release|Any CPU.Build.0 = Release|Any CPU
		{C9D2B2F1-4F5A-4C6D-9E1F-2F3A4B5C6D7E}.Debug|Any CPU.ActiveCfg = Debug|Any CPU
		{C9D2B2F1-4F5A-4C6D-9E1F-2F3A4B5C6D7E}.Debug|Any CPU.Build.0 = Debug|Any CPU
		{C9D2B2F1-4F5A-4C6D-9E1F-2F3A4B5C6D7E}.Release|Any CPU.ActiveCfg = Release|Any CPU
		{C9D2B2F1-4F5A-4C6D-9E1F-2F3A4B5C6D7E}.Release|Any CPU.Build.0 = Release|Any CPU
		{C07706B6-01AC-4FD8-8AEB-D32993386223}.Debug|Any CPU.ActiveCfg = Debug|Any CPU
		{C07706B6-01AC-4FD8-8AEB-D32993386223}.Debug|Any CPU.Build.0 = Debug|Any CPU
		{C07706B6-01AC-4FD8-8AEB-D32993386223}.Release|Any CPU.ActiveCfg = Release|Any CPU
		{C07706B6-01AC-4FD8-8AEB-D32993386223}.Release|Any CPU.Build.0 = Release|Any CPU
		{88508C55-4CB0-4B4B-AED4-E634FB8C83C7}.Debug|Any CPU.ActiveCfg = Debug|Any CPU
		{88508C55-4CB0-4B4B-AED4-E634FB8C83C7}.Debug|Any CPU.Build.0 = Debug|Any CPU
		{88508C55-4CB0-4B4B-AED4-E634FB8C83C7}.Release|Any CPU.ActiveCfg = Release|Any CPU
		{88508C55-4CB0-4B4B-AED4-E634FB8C83C7}.Release|Any CPU.Build.0 = Release|Any CPU
		{B1788FEA-83E3-42E4-88D1-808A29C14355}.Debug|Any CPU.ActiveCfg = Debug|Any CPU
		{B1788FEA-83E3-42E4-88D1-808A29C14355}.Debug|Any CPU.Build.0 = Debug|Any CPU
		{B1788FEA-83E3-42E4-88D1-808A29C14355}.Release|Any CPU.ActiveCfg = Release|Any CPU
		{B1788FEA-83E3-42E4-88D1-808A29C14355}.Release|Any CPU.Build.0 = Release|Any CPU
	EndGlobalSection
	GlobalSection(SolutionProperties) = preSolution
		HideSolutionNode = FALSE
	EndGlobalSection
EndGlobal
